
Microsoft Visual Studio Solution File, Format Version 12.00
# Visual Studio 2013
VisualStudioVersion = 12.0.31101.0
MinimumVisualStudioVersion = 10.0.40219.1
Project("{FAE04EC0-301F-11D3-BF4B-00C04F79EFBC}") = "Skypton", "Skypton\Skypton.csproj", "{9ED1209F-6DAF-4CF4-819F-C14A146FF87E}"
	ProjectSection(ProjectDependencies) = postProject
		{A0C9F3F4-07CD-432A-9EAE-47B0962EA9C6} = {A0C9F3F4-07CD-432A-9EAE-47B0962EA9C6}
	EndProjectSection
EndProject
Project("{FAE04EC0-301F-11D3-BF4B-00C04F79EFBC}") = "PluginHandler", "PluginHandler\PluginHandler.csproj", "{A0C9F3F4-07CD-432A-9EAE-47B0962EA9C6}"
EndProject
Project("{FAE04EC0-301F-11D3-BF4B-00C04F79EFBC}") = "Plugin_Ping", "Plugin_Ping\Plugin_Ping.csproj", "{20485C8F-037E-47BC-8738-94209B8ADD23}"
EndProject
Project("{FAE04EC0-301F-11D3-BF4B-00C04F79EFBC}") = "Plugin_Urban_Dictionary", "Plugin_Urban_Dictionary\Plugin_Urban_Dictionary.csproj", "{D740B73C-496A-47F9-BCBB-ABD37D3074A3}"
EndProject
Project("{FAE04EC0-301F-11D3-BF4B-00C04F79EFBC}") = "Plugin_Admin_Tools", "Plugin_Admin_Tools\Plugin_Admin_Tools.csproj", "{F9D93AB7-E9C4-4718-9238-60F983B3BEF2}"
EndProject
Project("{FAE04EC0-301F-11D3-BF4B-00C04F79EFBC}") = "PluginCopier", "PluginCopier\PluginCopier.csproj", "{472282F9-279A-4B0C-A7FB-2F75D3055A4A}"
	ProjectSection(ProjectDependencies) = postProject
		{6DDC7421-B10E-4264-9FAB-27B9156D23D2} = {6DDC7421-B10E-4264-9FAB-27B9156D23D2}
		{891C832E-9238-4896-8872-EB231D188F4B} = {891C832E-9238-4896-8872-EB231D188F4B}
		{F026923A-2E13-4B19-A8D0-CEE35A4BDEAB} = {F026923A-2E13-4B19-A8D0-CEE35A4BDEAB}
		{D740B73C-496A-47F9-BCBB-ABD37D3074A3} = {D740B73C-496A-47F9-BCBB-ABD37D3074A3}
		{B136E441-B22D-4F51-AC21-720DF1744527} = {B136E441-B22D-4F51-AC21-720DF1744527}
		{F0770649-3A3A-4BF7-918E-9A44FDBB56A4} = {F0770649-3A3A-4BF7-918E-9A44FDBB56A4}
		{20485C8F-037E-47BC-8738-94209B8ADD23} = {20485C8F-037E-47BC-8738-94209B8ADD23}
		{F9D93AB7-E9C4-4718-9238-60F983B3BEF2} = {F9D93AB7-E9C4-4718-9238-60F983B3BEF2}
		{61EF73CA-40B8-4847-9BD0-14B752799A60} = {61EF73CA-40B8-4847-9BD0-14B752799A60}
	EndProjectSection
EndProject
Project("{FAE04EC0-301F-11D3-BF4B-00C04F79EFBC}") = "Plugin_Random", "Plugin_Random\Plugin_Random.csproj", "{61EF73CA-40B8-4847-9BD0-14B752799A60}"
EndProject
Project("{FAE04EC0-301F-11D3-BF4B-00C04F79EFBC}") = "Plugin_Sudo", "Plugin_Sudo\Plugin_Sudo.csproj", "{F0770649-3A3A-4BF7-918E-9A44FDBB56A4}"
	ProjectSection(ProjectDependencies) = postProject
		{A0C9F3F4-07CD-432A-9EAE-47B0962EA9C6} = {A0C9F3F4-07CD-432A-9EAE-47B0962EA9C6}
	EndProjectSection
EndProject
Project("{FAE04EC0-301F-11D3-BF4B-00C04F79EFBC}") = "Plugin_HostIP", "Plugin_HostIP\Plugin_HostIP.csproj", "{F026923A-2E13-4B19-A8D0-CEE35A4BDEAB}"
EndProject
Project("{FAE04EC0-301F-11D3-BF4B-00C04F79EFBC}") = "Plugin_Flip", "Plugin_Flip\Plugin_Flip.csproj", "{6DDC7421-B10E-4264-9FAB-27B9156D23D2}"
EndProject
Project("{FAE04EC0-301F-11D3-BF4B-00C04F79EFBC}") = "Plugin_Help", "Plugin_Help\Plugin_Help.csproj", "{891C832E-9238-4896-8872-EB231D188F4B}"
EndProject
Project("{FAE04EC0-301F-11D3-BF4B-00C04F79EFBC}") = "Plugin_Leet", "Plugin_Leet\Plugin_Leet.csproj", "{B136E441-B22D-4F51-AC21-720DF1744527}"
EndProject
Global
	GlobalSection(SolutionConfigurationPlatforms) = preSolution
		Debug|Any CPU = Debug|Any CPU
		Release|Any CPU = Release|Any CPU
	EndGlobalSection
	GlobalSection(ProjectConfigurationPlatforms) = postSolution
		{9ED1209F-6DAF-4CF4-819F-C14A146FF87E}.Debug|Any CPU.ActiveCfg = Debug|Any CPU
		{9ED1209F-6DAF-4CF4-819F-C14A146FF87E}.Debug|Any CPU.Build.0 = Debug|Any CPU
		{9ED1209F-6DAF-4CF4-819F-C14A146FF87E}.Release|Any CPU.ActiveCfg = Release|Any CPU
		{9ED1209F-6DAF-4CF4-819F-C14A146FF87E}.Release|Any CPU.Build.0 = Release|Any CPU
		{A0C9F3F4-07CD-432A-9EAE-47B0962EA9C6}.Debug|Any CPU.ActiveCfg = Debug|Any CPU
		{A0C9F3F4-07CD-432A-9EAE-47B0962EA9C6}.Debug|Any CPU.Build.0 = Debug|Any CPU
		{A0C9F3F4-07CD-432A-9EAE-47B0962EA9C6}.Release|Any CPU.ActiveCfg = Release|Any CPU
		{A0C9F3F4-07CD-432A-9EAE-47B0962EA9C6}.Release|Any CPU.Build.0 = Release|Any CPU
		{20485C8F-037E-47BC-8738-94209B8ADD23}.Debug|Any CPU.ActiveCfg = Debug|Any CPU
		{20485C8F-037E-47BC-8738-94209B8ADD23}.Debug|Any CPU.Build.0 = Debug|Any CPU
		{20485C8F-037E-47BC-8738-94209B8ADD23}.Release|Any CPU.ActiveCfg = Release|Any CPU
		{20485C8F-037E-47BC-8738-94209B8ADD23}.Release|Any CPU.Build.0 = Release|Any CPU
		{D740B73C-496A-47F9-BCBB-ABD37D3074A3}.Debug|Any CPU.ActiveCfg = Debug|Any CPU
		{D740B73C-496A-47F9-BCBB-ABD37D3074A3}.Debug|Any CPU.Build.0 = Debug|Any CPU
		{D740B73C-496A-47F9-BCBB-ABD37D3074A3}.Release|Any CPU.ActiveCfg = Release|Any CPU
		{D740B73C-496A-47F9-BCBB-ABD37D3074A3}.Release|Any CPU.Build.0 = Release|Any CPU
		{F9D93AB7-E9C4-4718-9238-60F983B3BEF2}.Debug|Any CPU.ActiveCfg = Debug|Any CPU
		{F9D93AB7-E9C4-4718-9238-60F983B3BEF2}.Debug|Any CPU.Build.0 = Debug|Any CPU
		{F9D93AB7-E9C4-4718-9238-60F983B3BEF2}.Release|Any CPU.ActiveCfg = Release|Any CPU
		{F9D93AB7-E9C4-4718-9238-60F983B3BEF2}.Release|Any CPU.Build.0 = Release|Any CPU
		{472282F9-279A-4B0C-A7FB-2F75D3055A4A}.Debug|Any CPU.ActiveCfg = Debug|Any CPU
		{472282F9-279A-4B0C-A7FB-2F75D3055A4A}.Debug|Any CPU.Build.0 = Debug|Any CPU
		{472282F9-279A-4B0C-A7FB-2F75D3055A4A}.Release|Any CPU.ActiveCfg = Release|Any CPU
		{472282F9-279A-4B0C-A7FB-2F75D3055A4A}.Release|Any CPU.Build.0 = Release|Any CPU
		{61EF73CA-40B8-4847-9BD0-14B752799A60}.Debug|Any CPU.ActiveCfg = Debug|Any CPU
		{61EF73CA-40B8-4847-9BD0-14B752799A60}.Debug|Any CPU.Build.0 = Debug|Any CPU
		{61EF73CA-40B8-4847-9BD0-14B752799A60}.Release|Any CPU.ActiveCfg = Release|Any CPU
		{61EF73CA-40B8-4847-9BD0-14B752799A60}.Release|Any CPU.Build.0 = Release|Any CPU
		{F0770649-3A3A-4BF7-918E-9A44FDBB56A4}.Debug|Any CPU.ActiveCfg = Debug|Any CPU
		{F0770649-3A3A-4BF7-918E-9A44FDBB56A4}.Debug|Any CPU.Build.0 = Debug|Any CPU
		{F0770649-3A3A-4BF7-918E-9A44FDBB56A4}.Release|Any CPU.ActiveCfg = Release|Any CPU
		{F0770649-3A3A-4BF7-918E-9A44FDBB56A4}.Release|Any CPU.Build.0 = Release|Any CPU
		{F026923A-2E13-4B19-A8D0-CEE35A4BDEAB}.Debug|Any CPU.ActiveCfg = Debug|Any CPU
		{F026923A-2E13-4B19-A8D0-CEE35A4BDEAB}.Debug|Any CPU.Build.0 = Debug|Any CPU
		{F026923A-2E13-4B19-A8D0-CEE35A4BDEAB}.Release|Any CPU.ActiveCfg = Release|Any CPU
		{F026923A-2E13-4B19-A8D0-CEE35A4BDEAB}.Release|Any CPU.Build.0 = Release|Any CPU
		{6DDC7421-B10E-4264-9FAB-27B9156D23D2}.Debug|Any CPU.ActiveCfg = Debug|Any CPU
		{6DDC7421-B10E-4264-9FAB-27B9156D23D2}.Debug|Any CPU.Build.0 = Debug|Any CPU
		{6DDC7421-B10E-4264-9FAB-27B9156D23D2}.Release|Any CPU.ActiveCfg = Release|Any CPU
		{6DDC7421-B10E-4264-9FAB-27B9156D23D2}.Release|Any CPU.Build.0 = Release|Any CPU
		{891C832E-9238-4896-8872-EB231D188F4B}.Debug|Any CPU.ActiveCfg = Debug|Any CPU
		{891C832E-9238-4896-8872-EB231D188F4B}.Debug|Any CPU.Build.0 = Debug|Any CPU
		{891C832E-9238-4896-8872-EB231D188F4B}.Release|Any CPU.ActiveCfg = Release|Any CPU
		{891C832E-9238-4896-8872-EB231D188F4B}.Release|Any CPU.Build.0 = Release|Any CPU
		{B136E441-B22D-4F51-AC21-720DF1744527}.Debug|Any CPU.ActiveCfg = Debug|Any CPU
		{B136E441-B22D-4F51-AC21-720DF1744527}.Debug|Any CPU.Build.0 = Debug|Any CPU
		{B136E441-B22D-4F51-AC21-720DF1744527}.Release|Any CPU.ActiveCfg = Release|Any CPU
		{B136E441-B22D-4F51-AC21-720DF1744527}.Release|Any CPU.Build.0 = Release|Any CPU
	EndGlobalSection
	GlobalSection(SolutionProperties) = preSolution
		HideSolutionNode = FALSE
	EndGlobalSection
EndGlobal
